
Microsoft Visual Studio Solution File, Format Version 12.00
# Visual Studio Version 16
VisualStudioVersion = 16.0.30804.86
MinimumVisualStudioVersion = 10.0.40219.1
Project("{FAE04EC0-301F-11D3-BF4B-00C04F79EFBC}") = "mt", "mt\mt.csproj", "{C4A2A22A-BB4A-4E8F-BB01-7B92D2A0AFD1}"
EndProject
Project("{2150E333-8FDC-42A3-9474-1A3956D46DE8}") = "Solution Items", "Solution Items", "{5A257A5A-FF60-4611-A752-B66A7122B06E}"
	ProjectSection(SolutionItems) = preProject
		LICENSE = LICENSE
		README.md = README.md
	EndProjectSection
EndProject
Global
	GlobalSection(SolutionConfigurationPlatforms) = preSolution
		Debug|Any CPU = Debug|Any CPU
		Release|Any CPU = Release|Any CPU
	EndGlobalSection
	GlobalSection(ProjectConfigurationPlatforms) = postSolution
		{C4A2A22A-BB4A-4E8F-BB01-7B92D2A0AFD1}.Debug|Any CPU.ActiveCfg = Debug|Any CPU
		{C4A2A22A-BB4A-4E8F-BB01-7B92D2A0AFD1}.Debug|Any CPU.Build.0 = Debug|Any CPU
		{C4A2A22A-BB4A-4E8F-BB01-7B92D2A0AFD1}.Release|Any CPU.ActiveCfg = Release|Any CPU
		{C4A2A22A-BB4A-4E8F-BB01-7B92D2A0AFD1}.Release|Any CPU.Build.0 = Release|Any CPU
	EndGlobalSection
	GlobalSection(SolutionProperties) = preSolution
		HideSolutionNode = FALSE
	EndGlobalSection
	GlobalSection(ExtensibilityGlobals) = postSolution
		SolutionGuid = {C83F3023-8115-4538-B044-EAF617941A13}
	EndGlobalSection
EndGlobal
